// !$*UTF8*$!
{
	archiveVersion = 1;
	classes = {
	};
	objectVersion = 56;
	objects = {

/* Begin PBXBuildFile section */
		7D0C17A12AF4364900261664 /* SnapKit in Frameworks */ = {isa = PBXBuildFile; productRef = 7D0C17A02AF4364900261664 /* SnapKit */; };
		7D0C17A32AF4364900261664 /* SnapKit-Dynamic in Frameworks */ = {isa = PBXBuildFile; productRef = 7D0C17A22AF4364900261664 /* SnapKit-Dynamic */; };
		7D3939B42AF26F1900F1729E /* Movies.swift in Sources */ = {isa = PBXBuildFile; fileRef = 7D3939B32AF26F1900F1729E /* Movies.swift */; };
		7D3939B72AF2720A00F1729E /* MoviesTableViewCell.swift in Sources */ = {isa = PBXBuildFile; fileRef = 7D3939B62AF2720A00F1729E /* MoviesTableViewCell.swift */; };
		7D3939BE2AF286D000F1729E /* EndPoint.swift in Sources */ = {isa = PBXBuildFile; fileRef = 7D3939BD2AF286D000F1729E /* EndPoint.swift */; };
		7D3939C12AF2887D00F1729E /* APIManager.swift in Sources */ = {isa = PBXBuildFile; fileRef = 7D3939C02AF2887D00F1729E /* APIManager.swift */; };
		7D3939C32AF294D500F1729E /* HomeContracts.swift in Sources */ = {isa = PBXBuildFile; fileRef = 7D3939C22AF294D500F1729E /* HomeContracts.swift */; };
		7D3939C72AF2A4D300F1729E /* MoviesTableView.swift in Sources */ = {isa = PBXBuildFile; fileRef = 7D3939C62AF2A4D300F1729E /* MoviesTableView.swift */; };
		7D3939C92AF2CCFB00F1729E /* HeaderView.swift in Sources */ = {isa = PBXBuildFile; fileRef = 7D3939C82AF2CCFB00F1729E /* HeaderView.swift */; };
		7D3939CB2AF2D35900F1729E /* CustomButton.swift in Sources */ = {isa = PBXBuildFile; fileRef = 7D3939CA2AF2D35900F1729E /* CustomButton.swift */; };
		7DB889D42AF524A300774446 /* Reachability in Frameworks */ = {isa = PBXBuildFile; productRef = 7DB889D32AF524A300774446 /* Reachability */; };
		7DB889D62AF5693B00774446 /* HomeDetailsContracts.swift in Sources */ = {isa = PBXBuildFile; fileRef = 7DB889D52AF5693B00774446 /* HomeDetailsContracts.swift */; };
		7DC2FCC02AF31F9F005DF5F5 /* CoreDataManager.swift in Sources */ = {isa = PBXBuildFile; fileRef = 7DC2FCBF2AF31F9F005DF5F5 /* CoreDataManager.swift */; };
		7DE38A5C2AF2663C002D4C8A /* AppDelegate.swift in Sources */ = {isa = PBXBuildFile; fileRef = 7DE38A5B2AF2663C002D4C8A /* AppDelegate.swift */; };
		7DE38A662AF2663C002D4C8A /* MovieApp.xcdatamodeld in Sources */ = {isa = PBXBuildFile; fileRef = 7DE38A642AF2663C002D4C8A /* MovieApp.xcdatamodeld */; };
		7DE38A682AF2663E002D4C8A /* Assets.xcassets in Resources */ = {isa = PBXBuildFile; fileRef = 7DE38A672AF2663E002D4C8A /* Assets.xcassets */; };
		7DE38A6B2AF2663E002D4C8A /* LaunchScreen.storyboard in Resources */ = {isa = PBXBuildFile; fileRef = 7DE38A692AF2663E002D4C8A /* LaunchScreen.storyboard */; };
		7DE38A732AF2674C002D4C8A /* HomeVC.swift in Sources */ = {isa = PBXBuildFile; fileRef = 7DE38A722AF2674C002D4C8A /* HomeVC.swift */; };
		7DE38A7E2AF26880002D4C8A /* HomeViewModel.swift in Sources */ = {isa = PBXBuildFile; fileRef = 7DE38A7D2AF26880002D4C8A /* HomeViewModel.swift */; };
		7DE38A802AF26895002D4C8A /* MovieDetailsVC.swift in Sources */ = {isa = PBXBuildFile; fileRef = 7DE38A7F2AF26895002D4C8A /* MovieDetailsVC.swift */; };
		7DE38A832AF268BA002D4C8A /* MovieDetailsViewModel.swift in Sources */ = {isa = PBXBuildFile; fileRef = 7DE38A822AF268BA002D4C8A /* MovieDetailsViewModel.swift */; };
		7DE38A8B2AF26BF0002D4C8A /* Alamofire in Frameworks */ = {isa = PBXBuildFile; productRef = 7DE38A8A2AF26BF0002D4C8A /* Alamofire */; };
/* End PBXBuildFile section */

/* Begin PBXFileReference section */
		7D3939B32AF26F1900F1729E /* Movies.swift */ = {isa = PBXFileReference; lastKnownFileType = sourcecode.swift; path = Movies.swift; sourceTree = "<group>"; };
		7D3939B62AF2720A00F1729E /* MoviesTableViewCell.swift */ = {isa = PBXFileReference; lastKnownFileType = sourcecode.swift; path = MoviesTableViewCell.swift; sourceTree = "<group>"; };
		7D3939BD2AF286D000F1729E /* EndPoint.swift */ = {isa = PBXFileReference; lastKnownFileType = sourcecode.swift; path = EndPoint.swift; sourceTree = "<group>"; };
		7D3939C02AF2887D00F1729E /* APIManager.swift */ = {isa = PBXFileReference; lastKnownFileType = sourcecode.swift; path = APIManager.swift; sourceTree = "<group>"; };
		7D3939C22AF294D500F1729E /* HomeContracts.swift */ = {isa = PBXFileReference; lastKnownFileType = sourcecode.swift; path = HomeContracts.swift; sourceTree = "<group>"; };
		7D3939C62AF2A4D300F1729E /* MoviesTableView.swift */ = {isa = PBXFileReference; lastKnownFileType = sourcecode.swift; path = MoviesTableView.swift; sourceTree = "<group>"; };
		7D3939C82AF2CCFB00F1729E /* HeaderView.swift */ = {isa = PBXFileReference; lastKnownFileType = sourcecode.swift; path = HeaderView.swift; sourceTree = "<group>"; };
		7D3939CA2AF2D35900F1729E /* CustomButton.swift */ = {isa = PBXFileReference; lastKnownFileType = sourcecode.swift; path = CustomButton.swift; sourceTree = "<group>"; };
		7DB889D52AF5693B00774446 /* HomeDetailsContracts.swift */ = {isa = PBXFileReference; lastKnownFileType = sourcecode.swift; path = HomeDetailsContracts.swift; sourceTree = "<group>"; };
		7DC2FCBF2AF31F9F005DF5F5 /* CoreDataManager.swift */ = {isa = PBXFileReference; lastKnownFileType = sourcecode.swift; path = CoreDataManager.swift; sourceTree = "<group>"; };
		7DE38A582AF2663C002D4C8A /* MovieApp.app */ = {isa = PBXFileReference; explicitFileType = wrapper.application; includeInIndex = 0; path = MovieApp.app; sourceTree = BUILT_PRODUCTS_DIR; };
		7DE38A5B2AF2663C002D4C8A /* AppDelegate.swift */ = {isa = PBXFileReference; lastKnownFileType = sourcecode.swift; path = AppDelegate.swift; sourceTree = "<group>"; };
		7DE38A652AF2663C002D4C8A /* MovieApp.xcdatamodel */ = {isa = PBXFileReference; lastKnownFileType = wrapper.xcdatamodel; path = MovieApp.xcdatamodel; sourceTree = "<group>"; };
		7DE38A672AF2663E002D4C8A /* Assets.xcassets */ = {isa = PBXFileReference; lastKnownFileType = folder.assetcatalog; path = Assets.xcassets; sourceTree = "<group>"; };
		7DE38A6A2AF2663E002D4C8A /* Base */ = {isa = PBXFileReference; lastKnownFileType = file.storyboard; name = Base; path = Base.lproj/LaunchScreen.storyboard; sourceTree = "<group>"; };
		7DE38A6C2AF2663E002D4C8A /* Info.plist */ = {isa = PBXFileReference; lastKnownFileType = text.plist.xml; path = Info.plist; sourceTree = "<group>"; };
		7DE38A722AF2674C002D4C8A /* HomeVC.swift */ = {isa = PBXFileReference; lastKnownFileType = sourcecode.swift; path = HomeVC.swift; sourceTree = "<group>"; };
		7DE38A7D2AF26880002D4C8A /* HomeViewModel.swift */ = {isa = PBXFileReference; lastKnownFileType = sourcecode.swift; path = HomeViewModel.swift; sourceTree = "<group>"; };
		7DE38A7F2AF26895002D4C8A /* MovieDetailsVC.swift */ = {isa = PBXFileReference; lastKnownFileType = sourcecode.swift; path = MovieDetailsVC.swift; sourceTree = "<group>"; };
		7DE38A822AF268BA002D4C8A /* MovieDetailsViewModel.swift */ = {isa = PBXFileReference; lastKnownFileType = sourcecode.swift; path = MovieDetailsViewModel.swift; sourceTree = "<group>"; };
/* End PBXFileReference section */

/* Begin PBXFrameworksBuildPhase section */
		7DE38A552AF2663C002D4C8A /* Frameworks */ = {
			isa = PBXFrameworksBuildPhase;
			buildActionMask = 2147483647;
			files = (
				7DE38A8B2AF26BF0002D4C8A /* Alamofire in Frameworks */,
				7DB889D42AF524A300774446 /* Reachability in Frameworks */,
				7D0C17A12AF4364900261664 /* SnapKit in Frameworks */,
				7D0C17A32AF4364900261664 /* SnapKit-Dynamic in Frameworks */,
			);
			runOnlyForDeploymentPostprocessing = 0;
		};
/* End PBXFrameworksBuildPhase section */

/* Begin PBXGroup section */
		7D3939B52AF271D700F1729E /* MoviesTableView */ = {
			isa = PBXGroup;
			children = (
				7D3939B62AF2720A00F1729E /* MoviesTableViewCell.swift */,
				7D3939C62AF2A4D300F1729E /* MoviesTableView.swift */,
			);
			path = MoviesTableView;
			sourceTree = "<group>";
		};
		7D3939BF2AF2886A00F1729E /* Manager */ = {
			isa = PBXGroup;
			children = (
				7D3939BD2AF286D000F1729E /* EndPoint.swift */,
				7D3939C02AF2887D00F1729E /* APIManager.swift */,
				7DC2FCBF2AF31F9F005DF5F5 /* CoreDataManager.swift */,
			);
			path = Manager;
			sourceTree = "<group>";
		};
		7DE38A4F2AF2663C002D4C8A = {
			isa = PBXGroup;
			children = (
				7DE38A5A2AF2663C002D4C8A /* MovieApp */,
				7DE38A592AF2663C002D4C8A /* Products */,
			);
			sourceTree = "<group>";
		};
		7DE38A592AF2663C002D4C8A /* Products */ = {
			isa = PBXGroup;
			children = (
				7DE38A582AF2663C002D4C8A /* MovieApp.app */,
			);
			name = Products;
			sourceTree = "<group>";
		};
		7DE38A5A2AF2663C002D4C8A /* MovieApp */ = {
			isa = PBXGroup;
			children = (
				7DE38A752AF2677D002D4C8A /* App */,
				7DE38A762AF26785002D4C8A /* Screens */,
				7DE38A742AF2675B002D4C8A /* Resources */,
			);
			path = MovieApp;
			sourceTree = "<group>";
		};
		7DE38A742AF2675B002D4C8A /* Resources */ = {
			isa = PBXGroup;
			children = (
				7DE38A672AF2663E002D4C8A /* Assets.xcassets */,
				7DE38A692AF2663E002D4C8A /* LaunchScreen.storyboard */,
			);
			path = Resources;
			sourceTree = "<group>";
		};
		7DE38A752AF2677D002D4C8A /* App */ = {
			isa = PBXGroup;
			children = (
				7DE38A772AF26800002D4C8A /* Extensions */,
				7DE38A5B2AF2663C002D4C8A /* AppDelegate.swift */,
				7DE38A6C2AF2663E002D4C8A /* Info.plist */,
				7DE38A642AF2663C002D4C8A /* MovieApp.xcdatamodeld */,
				7DE38A792AF2681D002D4C8A /* Models */,
				7DE38A782AF2680D002D4C8A /* CustomViews */,
				7D3939BF2AF2886A00F1729E /* Manager */,
			);
			path = App;
			sourceTree = "<group>";
		};
		7DE38A762AF26785002D4C8A /* Screens */ = {
			isa = PBXGroup;
			children = (
				7DE38A7B2AF2684A002D4C8A /* Movie Details */,
				7DE38A7A2AF26841002D4C8A /* Movies */,
			);
			path = Screens;
			sourceTree = "<group>";
		};
		7DE38A772AF26800002D4C8A /* Extensions */ = {
			isa = PBXGroup;
			children = (
			);
			path = Extensions;
			sourceTree = "<group>";
		};
		7DE38A782AF2680D002D4C8A /* CustomViews */ = {
			isa = PBXGroup;
			children = (
				7D3939B52AF271D700F1729E /* MoviesTableView */,
				7D3939C82AF2CCFB00F1729E /* HeaderView.swift */,
				7D3939CA2AF2D35900F1729E /* CustomButton.swift */,
			);
			path = CustomViews;
			sourceTree = "<group>";
		};
		7DE38A792AF2681D002D4C8A /* Models */ = {
			isa = PBXGroup;
			children = (
				7D3939B32AF26F1900F1729E /* Movies.swift */,
			);
			path = Models;
			sourceTree = "<group>";
		};
		7DE38A7A2AF26841002D4C8A /* Movies */ = {
			isa = PBXGroup;
			children = (
				7DE38A722AF2674C002D4C8A /* HomeVC.swift */,
				7DE38A7C2AF2685D002D4C8A /* ViewModel */,
				7D3939C22AF294D500F1729E /* HomeContracts.swift */,
			);
			path = Movies;
			sourceTree = "<group>";
		};
		7DE38A7B2AF2684A002D4C8A /* Movie Details */ = {
			isa = PBXGroup;
			children = (
				7DE38A7F2AF26895002D4C8A /* MovieDetailsVC.swift */,
				7DE38A812AF2689C002D4C8A /* ViewModel */,
				7DB889D52AF5693B00774446 /* HomeDetailsContracts.swift */,
			);
			path = "Movie Details";
			sourceTree = "<group>";
		};
		7DE38A7C2AF2685D002D4C8A /* ViewModel */ = {
			isa = PBXGroup;
			children = (
				7DE38A7D2AF26880002D4C8A /* HomeViewModel.swift */,
			);
			path = ViewModel;
			sourceTree = "<group>";
		};
		7DE38A812AF2689C002D4C8A /* ViewModel */ = {
			isa = PBXGroup;
			children = (
				7DE38A822AF268BA002D4C8A /* MovieDetailsViewModel.swift */,
			);
			path = ViewModel;
			sourceTree = "<group>";
		};
/* End PBXGroup section */

/* Begin PBXNativeTarget section */
		7DE38A572AF2663C002D4C8A /* MovieApp */ = {
			isa = PBXNativeTarget;
			buildConfigurationList = 7DE38A6F2AF2663E002D4C8A /* Build configuration list for PBXNativeTarget "MovieApp" */;
			buildPhases = (
				7DE38A542AF2663C002D4C8A /* Sources */,
				7DE38A552AF2663C002D4C8A /* Frameworks */,
				7DE38A562AF2663C002D4C8A /* Resources */,
			);
			buildRules = (
			);
			dependencies = (
			);
			name = MovieApp;
			packageProductDependencies = (
				7DE38A8A2AF26BF0002D4C8A /* Alamofire */,
				7D0C17A02AF4364900261664 /* SnapKit */,
				7D0C17A22AF4364900261664 /* SnapKit-Dynamic */,
				7DB889D32AF524A300774446 /* Reachability */,
			);
			productName = MovieApp;
			productReference = 7DE38A582AF2663C002D4C8A /* MovieApp.app */;
			productType = "com.apple.product-type.application";
		};
/* End PBXNativeTarget section */

/* Begin PBXProject section */
		7DE38A502AF2663C002D4C8A /* Project object */ = {
			isa = PBXProject;
			attributes = {
				BuildIndependentTargetsInParallel = 1;
				LastSwiftUpdateCheck = 1500;
				LastUpgradeCheck = 1500;
				TargetAttributes = {
					7DE38A572AF2663C002D4C8A = {
						CreatedOnToolsVersion = 15.0.1;
					};
				};
			};
			buildConfigurationList = 7DE38A532AF2663C002D4C8A /* Build configuration list for PBXProject "MovieApp" */;
			compatibilityVersion = "Xcode 14.0";
			developmentRegion = en;
			hasScannedForEncodings = 0;
			knownRegions = (
				en,
				Base,
			);
			mainGroup = 7DE38A4F2AF2663C002D4C8A;
			packageReferences = (
				7DE38A892AF26BF0002D4C8A /* XCRemoteSwiftPackageReference "Alamofire" */,
				7D0C179F2AF4364900261664 /* XCRemoteSwiftPackageReference "SnapKit" */,
				7DB889D22AF524A300774446 /* XCRemoteSwiftPackageReference "Reachability" */,
			);
			productRefGroup = 7DE38A592AF2663C002D4C8A /* Products */;
			projectDirPath = "";
			projectRoot = "";
			targets = (
				7DE38A572AF2663C002D4C8A /* MovieApp */,
			);
		};
/* End PBXProject section */

/* Begin PBXResourcesBuildPhase section */
		7DE38A562AF2663C002D4C8A /* Resources */ = {
			isa = PBXResourcesBuildPhase;
			buildActionMask = 2147483647;
			files = (
				7DE38A6B2AF2663E002D4C8A /* LaunchScreen.storyboard in Resources */,
				7DE38A682AF2663E002D4C8A /* Assets.xcassets in Resources */,
			);
			runOnlyForDeploymentPostprocessing = 0;
		};
/* End PBXResourcesBuildPhase section */

/* Begin PBXSourcesBuildPhase section */
		7DE38A542AF2663C002D4C8A /* Sources */ = {
			isa = PBXSourcesBuildPhase;
			buildActionMask = 2147483647;
			files = (
				7D3939C12AF2887D00F1729E /* APIManager.swift in Sources */,
				7D3939B72AF2720A00F1729E /* MoviesTableViewCell.swift in Sources */,
				7D3939C32AF294D500F1729E /* HomeContracts.swift in Sources */,
				7D3939C72AF2A4D300F1729E /* MoviesTableView.swift in Sources */,
				7D3939CB2AF2D35900F1729E /* CustomButton.swift in Sources */,
				7DE38A832AF268BA002D4C8A /* MovieDetailsViewModel.swift in Sources */,
				7D3939B42AF26F1900F1729E /* Movies.swift in Sources */,
				7DE38A732AF2674C002D4C8A /* HomeVC.swift in Sources */,
				7DE38A802AF26895002D4C8A /* MovieDetailsVC.swift in Sources */,
				7DE38A5C2AF2663C002D4C8A /* AppDelegate.swift in Sources */,
				7D3939BE2AF286D000F1729E /* EndPoint.swift in Sources */,
				7DE38A7E2AF26880002D4C8A /* HomeViewModel.swift in Sources */,
				7DB889D62AF5693B00774446 /* HomeDetailsContracts.swift in Sources */,
				7DE38A662AF2663C002D4C8A /* MovieApp.xcdatamodeld in Sources */,
				7DC2FCC02AF31F9F005DF5F5 /* CoreDataManager.swift in Sources */,
				7D3939C92AF2CCFB00F1729E /* HeaderView.swift in Sources */,
			);
			runOnlyForDeploymentPostprocessing = 0;
		};
/* End PBXSourcesBuildPhase section */

/* Begin PBXVariantGroup section */
		7DE38A692AF2663E002D4C8A /* LaunchScreen.storyboard */ = {
			isa = PBXVariantGroup;
			children = (
				7DE38A6A2AF2663E002D4C8A /* Base */,
			);
			name = LaunchScreen.storyboard;
			sourceTree = "<group>";
		};
/* End PBXVariantGroup section */

/* Begin XCBuildConfiguration section */
		7DE38A6D2AF2663E002D4C8A /* Debug */ = {
			isa = XCBuildConfiguration;
			buildSettings = {
				ALWAYS_SEARCH_USER_PATHS = NO;
				ASSETCATALOG_COMPILER_GENERATE_SWIFT_ASSET_SYMBOL_EXTENSIONS = YES;
				CLANG_ANALYZER_NONNULL = YES;
				CLANG_ANALYZER_NUMBER_OBJECT_CONVERSION = YES_AGGRESSIVE;
				CLANG_CXX_LANGUAGE_STANDARD = "gnu++20";
				CLANG_ENABLE_MODULES = YES;
				CLANG_ENABLE_OBJC_ARC = YES;
				CLANG_ENABLE_OBJC_WEAK = YES;
				CLANG_WARN_BLOCK_CAPTURE_AUTORELEASING = YES;
				CLANG_WARN_BOOL_CONVERSION = YES;
				CLANG_WARN_COMMA = YES;
				CLANG_WARN_CONSTANT_CONVERSION = YES;
				CLANG_WARN_DEPRECATED_OBJC_IMPLEMENTATIONS = YES;
				CLANG_WARN_DIRECT_OBJC_ISA_USAGE = YES_ERROR;
				CLANG_WARN_DOCUMENTATION_COMMENTS = YES;
				CLANG_WARN_EMPTY_BODY = YES;
				CLANG_WARN_ENUM_CONVERSION = YES;
				CLANG_WARN_INFINITE_RECURSION = YES;
				CLANG_WARN_INT_CONVERSION = YES;
				CLANG_WARN_NON_LITERAL_NULL_CONVERSION = YES;
				CLANG_WARN_OBJC_IMPLICIT_RETAIN_SELF = YES;
				CLANG_WARN_OBJC_LITERAL_CONVERSION = YES;
				CLANG_WARN_OBJC_ROOT_CLASS = YES_ERROR;
				CLANG_WARN_QUOTED_INCLUDE_IN_FRAMEWORK_HEADER = YES;
				CLANG_WARN_RANGE_LOOP_ANALYSIS = YES;
				CLANG_WARN_STRICT_PROTOTYPES = YES;
				CLANG_WARN_SUSPICIOUS_MOVE = YES;
				CLANG_WARN_UNGUARDED_AVAILABILITY = YES_AGGRESSIVE;
				CLANG_WARN_UNREACHABLE_CODE = YES;
				CLANG_WARN__DUPLICATE_METHOD_MATCH = YES;
				COPY_PHASE_STRIP = NO;
				DEBUG_INFORMATION_FORMAT = dwarf;
				ENABLE_STRICT_OBJC_MSGSEND = YES;
				ENABLE_TESTABILITY = YES;
				ENABLE_USER_SCRIPT_SANDBOXING = YES;
				GCC_C_LANGUAGE_STANDARD = gnu17;
				GCC_DYNAMIC_NO_PIC = NO;
				GCC_NO_COMMON_BLOCKS = YES;
				GCC_OPTIMIZATION_LEVEL = 0;
				GCC_PREPROCESSOR_DEFINITIONS = (
					"DEBUG=1",
					"$(inherited)",
				);
				GCC_WARN_64_TO_32_BIT_CONVERSION = YES;
				GCC_WARN_ABOUT_RETURN_TYPE = YES_ERROR;
				GCC_WARN_UNDECLARED_SELECTOR = YES;
				GCC_WARN_UNINITIALIZED_AUTOS = YES_AGGRESSIVE;
				GCC_WARN_UNUSED_FUNCTION = YES;
				GCC_WARN_UNUSED_VARIABLE = YES;
				IPHONEOS_DEPLOYMENT_TARGET = 16.4;
				LOCALIZATION_PREFERS_STRING_CATALOGS = YES;
				MTL_ENABLE_DEBUG_INFO = INCLUDE_SOURCE;
				MTL_FAST_MATH = YES;
				ONLY_ACTIVE_ARCH = YES;
				SDKROOT = iphoneos;
				SWIFT_ACTIVE_COMPILATION_CONDITIONS = "DEBUG $(inherited)";
				SWIFT_OPTIMIZATION_LEVEL = "-Onone";
			};
			name = Debug;
		};
		7DE38A6E2AF2663E002D4C8A /* Release */ = {
			isa = XCBuildConfiguration;
			buildSettings = {
				ALWAYS_SEARCH_USER_PATHS = NO;
				ASSETCATALOG_COMPILER_GENERATE_SWIFT_ASSET_SYMBOL_EXTENSIONS = YES;
				CLANG_ANALYZER_NONNULL = YES;
				CLANG_ANALYZER_NUMBER_OBJECT_CONVERSION = YES_AGGRESSIVE;
				CLANG_CXX_LANGUAGE_STANDARD = "gnu++20";
				CLANG_ENABLE_MODULES = YES;
				CLANG_ENABLE_OBJC_ARC = YES;
				CLANG_ENABLE_OBJC_WEAK = YES;
				CLANG_WARN_BLOCK_CAPTURE_AUTORELEASING = YES;
				CLANG_WARN_BOOL_CONVERSION = YES;
				CLANG_WARN_COMMA = YES;
				CLANG_WARN_CONSTANT_CONVERSION = YES;
				CLANG_WARN_DEPRECATED_OBJC_IMPLEMENTATIONS = YES;
				CLANG_WARN_DIRECT_OBJC_ISA_USAGE = YES_ERROR;
				CLANG_WARN_DOCUMENTATION_COMMENTS = YES;
				CLANG_WARN_EMPTY_BODY = YES;
				CLANG_WARN_ENUM_CONVERSION = YES;
				CLANG_WARN_INFINITE_RECURSION = YES;
				CLANG_WARN_INT_CONVERSION = YES;
				CLANG_WARN_NON_LITERAL_NULL_CONVERSION = YES;
				CLANG_WARN_OBJC_IMPLICIT_RETAIN_SELF = YES;
				CLANG_WARN_OBJC_LITERAL_CONVERSION = YES;
				CLANG_WARN_OBJC_ROOT_CLASS = YES_ERROR;
				CLANG_WARN_QUOTED_INCLUDE_IN_FRAMEWORK_HEADER = YES;
				CLANG_WARN_RANGE_LOOP_ANALYSIS = YES;
				CLANG_WARN_STRICT_PROTOTYPES = YES;
				CLANG_WARN_SUSPICIOUS_MOVE = YES;
				CLANG_WARN_UNGUARDED_AVAILABILITY = YES_AGGRESSIVE;
				CLANG_WARN_UNREACHABLE_CODE = YES;
				CLANG_WARN__DUPLICATE_METHOD_MATCH = YES;
				COPY_PHASE_STRIP = NO;
				DEBUG_INFORMATION_FORMAT = "dwarf-with-dsym";
				ENABLE_NS_ASSERTIONS = NO;
				ENABLE_STRICT_OBJC_MSGSEND = YES;
				ENABLE_USER_SCRIPT_SANDBOXING = YES;
				GCC_C_LANGUAGE_STANDARD = gnu17;
				GCC_NO_COMMON_BLOCKS = YES;
				GCC_WARN_64_TO_32_BIT_CONVERSION = YES;
				GCC_WARN_ABOUT_RETURN_TYPE = YES_ERROR;
				GCC_WARN_UNDECLARED_SELECTOR = YES;
				GCC_WARN_UNINITIALIZED_AUTOS = YES_AGGRESSIVE;
				GCC_WARN_UNUSED_FUNCTION = YES;
				GCC_WARN_UNUSED_VARIABLE = YES;
				IPHONEOS_DEPLOYMENT_TARGET = 16.4;
				LOCALIZATION_PREFERS_STRING_CATALOGS = YES;
				MTL_ENABLE_DEBUG_INFO = NO;
				MTL_FAST_MATH = YES;
				SDKROOT = iphoneos;
				SWIFT_COMPILATION_MODE = wholemodule;
				VALIDATE_PRODUCT = YES;
			};
			name = Release;
		};
		7DE38A702AF2663E002D4C8A /* Debug */ = {
			isa = XCBuildConfiguration;
			buildSettings = {
				ASSETCATALOG_COMPILER_APPICON_NAME = AppIcon;
				ASSETCATALOG_COMPILER_GLOBAL_ACCENT_COLOR_NAME = AccentColor;
				CODE_SIGN_IDENTITY = "Apple Development";
				CODE_SIGN_STYLE = Automatic;
				CURRENT_PROJECT_VERSION = 1;
				DEVELOPMENT_TEAM = Q876622H6W;
				GENERATE_INFOPLIST_FILE = YES;
				INFOPLIST_FILE = MovieApp/App/Info.plist;
				INFOPLIST_KEY_UIApplicationSupportsIndirectInputEvents = YES;
				INFOPLIST_KEY_UILaunchStoryboardName = LaunchScreen;
				INFOPLIST_KEY_UISupportedInterfaceOrientations_iPad = "UIInterfaceOrientationPortrait UIInterfaceOrientationPortraitUpsideDown UIInterfaceOrientationLandscapeLeft UIInterfaceOrientationLandscapeRight";
				INFOPLIST_KEY_UISupportedInterfaceOrientations_iPhone = "UIInterfaceOrientationPortrait UIInterfaceOrientationLandscapeLeft UIInterfaceOrientationLandscapeRight";
				LD_RUNPATH_SEARCH_PATHS = (
					"$(inherited)",
					"@executable_path/Frameworks",
				);
				MARKETING_VERSION = 1.0;
				PRODUCT_BUNDLE_IDENTIFIER = com.alibeyaz.MovieApp;
				PRODUCT_NAME = "$(TARGET_NAME)";
				PROVISIONING_PROFILE_SPECIFIER = "";
				SWIFT_EMIT_LOC_STRINGS = YES;
				SWIFT_VERSION = 5.0;
				TARGETED_DEVICE_FAMILY = "1,2";
			};
			name = Debug;
		};
		7DE38A712AF2663E002D4C8A /* Release */ = {
			isa = XCBuildConfiguration;
			buildSettings = {
				ASSETCATALOG_COMPILER_APPICON_NAME = AppIcon;
				ASSETCATALOG_COMPILER_GLOBAL_ACCENT_COLOR_NAME = AccentColor;
				CODE_SIGN_IDENTITY = "Apple Development";
				CODE_SIGN_STYLE = Automatic;
				CURRENT_PROJECT_VERSION = 1;
				DEVELOPMENT_TEAM = Q876622H6W;
				GENERATE_INFOPLIST_FILE = YES;
				INFOPLIST_FILE = MovieApp/App/Info.plist;
				INFOPLIST_KEY_UIApplicationSupportsIndirectInputEvents = YES;
				INFOPLIST_KEY_UILaunchStoryboardName = LaunchScreen;
				INFOPLIST_KEY_UISupportedInterfaceOrientations_iPad = "UIInterfaceOrientationPortrait UIInterfaceOrientationPortraitUpsideDown UIInterfaceOrientationLandscapeLeft UIInterfaceOrientationLandscapeRight";
				INFOPLIST_KEY_UISupportedInterfaceOrientations_iPhone = "UIInterfaceOrientationPortrait UIInterfaceOrientationLandscapeLeft UIInterfaceOrientationLandscapeRight";
				LD_RUNPATH_SEARCH_PATHS = (
					"$(inherited)",
					"@executable_path/Frameworks",
				);
				MARKETING_VERSION = 1.0;
				PRODUCT_BUNDLE_IDENTIFIER = com.alibeyaz.MovieApp;
				PRODUCT_NAME = "$(TARGET_NAME)";
				PROVISIONING_PROFILE_SPECIFIER = "";
				SWIFT_EMIT_LOC_STRINGS = YES;
				SWIFT_VERSION = 5.0;
				TARGETED_DEVICE_FAMILY = "1,2";
			};
			name = Release;
		};
/* End XCBuildConfiguration section */

/* Begin XCConfigurationList section */
		7DE38A532AF2663C002D4C8A /* Build configuration list for PBXProject "MovieApp" */ = {
			isa = XCConfigurationList;
			buildConfigurations = (
				7DE38A6D2AF2663E002D4C8A /* Debug */,
				7DE38A6E2AF2663E002D4C8A /* Release */,
			);
			defaultConfigurationIsVisible = 0;
			defaultConfigurationName = Release;
		};
		7DE38A6F2AF2663E002D4C8A /* Build configuration list for PBXNativeTarget "MovieApp" */ = {
			isa = XCConfigurationList;
			buildConfigurations = (
				7DE38A702AF2663E002D4C8A /* Debug */,
				7DE38A712AF2663E002D4C8A /* Release */,
			);
			defaultConfigurationIsVisible = 0;
			defaultConfigurationName = Release;
		};
/* End XCConfigurationList section */

/* Begin XCRemoteSwiftPackageReference section */
		7D0C179F2AF4364900261664 /* XCRemoteSwiftPackageReference "SnapKit" */ = {
			isa = XCRemoteSwiftPackageReference;
			repositoryURL = "https://github.com/SnapKit/SnapKit.git";
			requirement = {
				kind = upToNextMajorVersion;
				minimumVersion = 5.6.0;
			};
		};
		7DB889D22AF524A300774446 /* XCRemoteSwiftPackageReference "Reachability" */ = {
			isa = XCRemoteSwiftPackageReference;
			repositoryURL = "https://github.com/ashleymills/Reachability.swift";
			requirement = {
				branch = master;
				kind = branch;
			};
		};
		7DE38A892AF26BF0002D4C8A /* XCRemoteSwiftPackageReference "Alamofire" */ = {
			isa = XCRemoteSwiftPackageReference;
			repositoryURL = "https://github.com/Alamofire/Alamofire.git";
			requirement = {
				kind = upToNextMajorVersion;
				minimumVersion = 5.8.1;
			};
		};
/* End XCRemoteSwiftPackageReference section */

/* Begin XCSwiftPackageProductDependency section */
		7D0C17A02AF4364900261664 /* SnapKit */ = {
			isa = XCSwiftPackageProductDependency;
			package = 7D0C179F2AF4364900261664 /* XCRemoteSwiftPackageReference "SnapKit" */;
			productName = SnapKit;
		};
		7D0C17A22AF4364900261664 /* SnapKit-Dynamic */ = {
			isa = XCSwiftPackageProductDependency;
			package = 7D0C179F2AF4364900261664 /* XCRemoteSwiftPackageReference "SnapKit" */;
			productName = "SnapKit-Dynamic";
		};
		7DB889D32AF524A300774446 /* Reachability */ = {
			isa = XCSwiftPackageProductDependency;
			package = 7DB889D22AF524A300774446 /* XCRemoteSwiftPackageReference "Reachability" */;
			productName = Reachability;
		};
		7DE38A8A2AF26BF0002D4C8A /* Alamofire */ = {
			isa = XCSwiftPackageProductDependency;
			package = 7DE38A892AF26BF0002D4C8A /* XCRemoteSwiftPackageReference "Alamofire" */;
			productName = Alamofire;
		};
/* End XCSwiftPackageProductDependency section */

/* Begin XCVersionGroup section */
		7DE38A642AF2663C002D4C8A /* MovieApp.xcdatamodeld */ = {
			isa = XCVersionGroup;
			children = (
				7DE38A652AF2663C002D4C8A /* MovieApp.xcdatamodel */,
			);
			currentVersion = 7DE38A652AF2663C002D4C8A /* MovieApp.xcdatamodel */;
			path = MovieApp.xcdatamodeld;
			sourceTree = "<group>";
			versionGroupType = wrapper.xcdatamodel;
		};
/* End XCVersionGroup section */
	};
	rootObject = 7DE38A502AF2663C002D4C8A /* Project object */;
}
